
Microsoft Visual Studio Solution File, Format Version 12.00
# Visual Studio Version 17
VisualStudioVersion = 17.2.32516.85
MinimumVisualStudioVersion = 10.0.40219.1
Project("{FAE04EC0-301F-11D3-BF4B-00C04F79EFBC}") = "NetFrameworkEf", "NetFrameworkEf\NetFrameworkEf.csproj", "{8D93C0B1-7DE5-4FE4-B7B0-DAE4B02C91B2}"
EndProject
Global
	GlobalSection(SolutionConfigurationPlatforms) = preSolution
		Debug|Any CPU = Debug|Any CPU
		Release|Any CPU = Release|Any CPU
	EndGlobalSection
	GlobalSection(ProjectConfigurationPlatforms) = postSolution
		{8D93C0B1-7DE5-4FE4-B7B0-DAE4B02C91B2}.Debug|Any CPU.ActiveCfg = Debug|Any CPU
		{8D93C0B1-7DE5-4FE4-B7B0-DAE4B02C91B2}.Debug|Any CPU.Build.0 = Debug|Any CPU
		{8D93C0B1-7DE5-4FE4-B7B0-DAE4B02C91B2}.Release|Any CPU.ActiveCfg = Release|Any CPU
		{8D93C0B1-7DE5-4FE4-B7B0-DAE4B02C91B2}.Release|Any CPU.Build.0 = Release|Any CPU
	EndGlobalSection
	GlobalSection(SolutionProperties) = preSolution
		HideSolutionNode = FALSE
	EndGlobalSection
	GlobalSection(ExtensibilityGlobals) = postSolution
		SolutionGuid = {92B0C578-1A8E-4215-9523-54715B577652}
	EndGlobalSection
EndGlobal
